
Microsoft Visual Studio Solution File, Format Version 12.00
# Visual Studio Version 16
VisualStudioVersion = 16.0.31402.337
MinimumVisualStudioVersion = 10.0.40219.1
Project("{FAE04EC0-301F-11D3-BF4B-00C04F79EFBC}") = "Geospatial_System_Assignment_2.0", "Geospatial_System_Assignment_2.0\Geospatial_System_Assignment_2.0.csproj", "{373025E5-2656-45F4-A77D-54E216D49AB0}"
EndProject
Project("{FAE04EC0-301F-11D3-BF4B-00C04F79EFBC}") = "Geospatial_System_Assignment_2.0_Test", "Geospatial_System_Assignment_2.0_Test\Geospatial_System_Assignment_2.0_Test.csproj", "{E98679DD-378A-4A55-AFCC-30FC3A1A17D0}"
EndProject
Global
	GlobalSection(SolutionConfigurationPlatforms) = preSolution
		Debug|Any CPU = Debug|Any CPU
		Release|Any CPU = Release|Any CPU
	EndGlobalSection
	GlobalSection(ProjectConfigurationPlatforms) = postSolution
		{373025E5-2656-45F4-A77D-54E216D49AB0}.Debug|Any CPU.ActiveCfg = Debug|Any CPU
		{373025E5-2656-45F4-A77D-54E216D49AB0}.Debug|Any CPU.Build.0 = Debug|Any CPU
		{373025E5-2656-45F4-A77D-54E216D49AB0}.Release|Any CPU.ActiveCfg = Release|Any CPU
		{373025E5-2656-45F4-A77D-54E216D49AB0}.Release|Any CPU.Build.0 = Release|Any CPU
		{E98679DD-378A-4A55-AFCC-30FC3A1A17D0}.Debug|Any CPU.ActiveCfg = Debug|Any CPU
		{E98679DD-378A-4A55-AFCC-30FC3A1A17D0}.Debug|Any CPU.Build.0 = Debug|Any CPU
		{E98679DD-378A-4A55-AFCC-30FC3A1A17D0}.Release|Any CPU.ActiveCfg = Release|Any CPU
		{E98679DD-378A-4A55-AFCC-30FC3A1A17D0}.Release|Any CPU.Build.0 = Release|Any CPU
	EndGlobalSection
	GlobalSection(SolutionProperties) = preSolution
		HideSolutionNode = FALSE
	EndGlobalSection
	GlobalSection(ExtensibilityGlobals) = postSolution
		SolutionGuid = {086D9C5E-8CA4-44D5-BBCA-017626FEA5CB}
	EndGlobalSection
EndGlobal
